{
  "name": "lpdev",
  "version": "0.1.1",
  "lockfileVersion": 3,
  "requires": true,
  "packages": {
    "": {
      "name": "lpdev",
      "version": "0.1.1",
      "hasInstallScript": true,
      "license": "MIT",
      "os": [
        "darwin",
        "linux"
      ],
      "bin": {
        "lpdev": "bin/lpdev"
      },
      "engines": {
        "node": ">=14.0.0"
      }
    }
  }
}
